
Microsoft Visual Studio Solution File, Format Version 12.00
# Visual Studio 15
VisualStudioVersion = 15.0.28010.2036
MinimumVisualStudioVersion = 10.0.40219.1
Project("{FAE04EC0-301F-11D3-BF4B-00C04F79EFBC}") = "ProtectionProxy", "ProtectionProxy\ProtectionProxy.csproj", "{3C7A6200-3E44-472F-8560-6AB143A89ACC}"
EndProject
Global
	GlobalSection(SolutionConfigurationPlatforms) = preSolution
		Debug|Any CPU = Debug|Any CPU
		Release|Any CPU = Release|Any CPU
	EndGlobalSection
	GlobalSection(ProjectConfigurationPlatforms) = postSolution
		{3C7A6200-3E44-472F-8560-6AB143A89ACC}.Debug|Any CPU.ActiveCfg = Debug|Any CPU
		{3C7A6200-3E44-472F-8560-6AB143A89ACC}.Debug|Any CPU.Build.0 = Debug|Any CPU
		{3C7A6200-3E44-472F-8560-6AB143A89ACC}.Release|Any CPU.ActiveCfg = Release|Any CPU
		{3C7A6200-3E44-472F-8560-6AB143A89ACC}.Release|Any CPU.Build.0 = Release|Any CPU
	EndGlobalSection
	GlobalSection(SolutionProperties) = preSolution
		HideSolutionNode = FALSE
	EndGlobalSection
	GlobalSection(ExtensibilityGlobals) = postSolution
		SolutionGuid = {3E65D1F7-24BD-47A3-B452-AC276679FAEB}
	EndGlobalSection
EndGlobal
