
Microsoft Visual Studio Solution File, Format Version 12.00
# Visual Studio 15
VisualStudioVersion = 15.0.28010.2041
MinimumVisualStudioVersion = 10.0.40219.1
Project("{FAE04EC0-301F-11D3-BF4B-00C04F79EFBC}") = "CodingExercise", "CodingExercise\CodingExercise.csproj", "{C64D0EB4-170F-4B9A-BC79-7E6CB8614815}"
EndProject
Global
	GlobalSection(SolutionConfigurationPlatforms) = preSolution
		Debug|Any CPU = Debug|Any CPU
		Release|Any CPU = Release|Any CPU
	EndGlobalSection
	GlobalSection(ProjectConfigurationPlatforms) = postSolution
		{C64D0EB4-170F-4B9A-BC79-7E6CB8614815}.Debug|Any CPU.ActiveCfg = Debug|Any CPU
		{C64D0EB4-170F-4B9A-BC79-7E6CB8614815}.Debug|Any CPU.Build.0 = Debug|Any CPU
		{C64D0EB4-170F-4B9A-BC79-7E6CB8614815}.Release|Any CPU.ActiveCfg = Release|Any CPU
		{C64D0EB4-170F-4B9A-BC79-7E6CB8614815}.Release|Any CPU.Build.0 = Release|Any CPU
	EndGlobalSection
	GlobalSection(SolutionProperties) = preSolution
		HideSolutionNode = FALSE
	EndGlobalSection
	GlobalSection(ExtensibilityGlobals) = postSolution
		SolutionGuid = {21F30BAF-D032-48FE-92DB-4FEF0A877767}
	EndGlobalSection
EndGlobal
