
Microsoft Visual Studio Solution File, Format Version 12.00
# Visual Studio 15
VisualStudioVersion = 15.0.28010.2036
MinimumVisualStudioVersion = 10.0.40219.1
Project("{FAE04EC0-301F-11D3-BF4B-00C04F79EFBC}") = "Coding.Exercise", "Coding.Exercise\Coding.Exercise.csproj", "{27E0E5B3-1B03-4C77-BA01-BC8E75B3E55D}"
EndProject
Global
	GlobalSection(SolutionConfigurationPlatforms) = preSolution
		Debug|Any CPU = Debug|Any CPU
		Release|Any CPU = Release|Any CPU
	EndGlobalSection
	GlobalSection(ProjectConfigurationPlatforms) = postSolution
		{27E0E5B3-1B03-4C77-BA01-BC8E75B3E55D}.Debug|Any CPU.ActiveCfg = Debug|Any CPU
		{27E0E5B3-1B03-4C77-BA01-BC8E75B3E55D}.Debug|Any CPU.Build.0 = Debug|Any CPU
		{27E0E5B3-1B03-4C77-BA01-BC8E75B3E55D}.Release|Any CPU.ActiveCfg = Release|Any CPU
		{27E0E5B3-1B03-4C77-BA01-BC8E75B3E55D}.Release|Any CPU.Build.0 = Release|Any CPU
	EndGlobalSection
	GlobalSection(SolutionProperties) = preSolution
		HideSolutionNode = FALSE
	EndGlobalSection
	GlobalSection(ExtensibilityGlobals) = postSolution
		SolutionGuid = {5D43708D-48F7-4B49-8614-1DDC3F0627D6}
	EndGlobalSection
EndGlobal
