
Microsoft Visual Studio Solution File, Format Version 12.00
# Visual Studio 15
VisualStudioVersion = 15.0.28010.2036
MinimumVisualStudioVersion = 10.0.40219.1
Project("{FAE04EC0-301F-11D3-BF4B-00C04F79EFBC}") = "MethodChain", "MethodChain\MethodChain.csproj", "{329A8321-525A-4C52-A23C-7FD3782532B9}"
EndProject
Global
	GlobalSection(SolutionConfigurationPlatforms) = preSolution
		Debug|Any CPU = Debug|Any CPU
		Release|Any CPU = Release|Any CPU
	EndGlobalSection
	GlobalSection(ProjectConfigurationPlatforms) = postSolution
		{329A8321-525A-4C52-A23C-7FD3782532B9}.Debug|Any CPU.ActiveCfg = Debug|Any CPU
		{329A8321-525A-4C52-A23C-7FD3782532B9}.Debug|Any CPU.Build.0 = Debug|Any CPU
		{329A8321-525A-4C52-A23C-7FD3782532B9}.Release|Any CPU.ActiveCfg = Release|Any CPU
		{329A8321-525A-4C52-A23C-7FD3782532B9}.Release|Any CPU.Build.0 = Release|Any CPU
	EndGlobalSection
	GlobalSection(SolutionProperties) = preSolution
		HideSolutionNode = FALSE
	EndGlobalSection
	GlobalSection(ExtensibilityGlobals) = postSolution
		SolutionGuid = {FF8AB734-EFA9-4F67-88C3-024F01077184}
	EndGlobalSection
EndGlobal
