
Microsoft Visual Studio Solution File, Format Version 12.00
# Visual Studio 15
VisualStudioVersion = 15.0.28010.2036
MinimumVisualStudioVersion = 10.0.40219.1
Project("{FAE04EC0-301F-11D3-BF4B-00C04F79EFBC}") = "RepeatingUserNames", "RepeatingUserNames\RepeatingUserNames.csproj", "{B8C4E06D-5CFC-4A65-84BB-2859FA804AF2}"
EndProject
Project("{FAE04EC0-301F-11D3-BF4B-00C04F79EFBC}") = "RepeatingUserNamesTest", "UnitTestProject1\RepeatingUserNamesTest.csproj", "{7F5A83CF-2C39-42F2-BA93-651637C59CF2}"
EndProject
Global
	GlobalSection(SolutionConfigurationPlatforms) = preSolution
		Debug|Any CPU = Debug|Any CPU
		Release|Any CPU = Release|Any CPU
	EndGlobalSection
	GlobalSection(ProjectConfigurationPlatforms) = postSolution
		{B8C4E06D-5CFC-4A65-84BB-2859FA804AF2}.Debug|Any CPU.ActiveCfg = Debug|Any CPU
		{B8C4E06D-5CFC-4A65-84BB-2859FA804AF2}.Debug|Any CPU.Build.0 = Debug|Any CPU
		{B8C4E06D-5CFC-4A65-84BB-2859FA804AF2}.Release|Any CPU.ActiveCfg = Release|Any CPU
		{B8C4E06D-5CFC-4A65-84BB-2859FA804AF2}.Release|Any CPU.Build.0 = Release|Any CPU
		{7F5A83CF-2C39-42F2-BA93-651637C59CF2}.Debug|Any CPU.ActiveCfg = Debug|Any CPU
		{7F5A83CF-2C39-42F2-BA93-651637C59CF2}.Debug|Any CPU.Build.0 = Debug|Any CPU
		{7F5A83CF-2C39-42F2-BA93-651637C59CF2}.Release|Any CPU.ActiveCfg = Release|Any CPU
		{7F5A83CF-2C39-42F2-BA93-651637C59CF2}.Release|Any CPU.Build.0 = Release|Any CPU
	EndGlobalSection
	GlobalSection(SolutionProperties) = preSolution
		HideSolutionNode = FALSE
	EndGlobalSection
	GlobalSection(ExtensibilityGlobals) = postSolution
		SolutionGuid = {02DD81DF-57DE-4BBB-9EBD-CCECCE037504}
	EndGlobalSection
EndGlobal
