
Microsoft Visual Studio Solution File, Format Version 12.00
# Visual Studio 15
VisualStudioVersion = 15.0.28010.2026
MinimumVisualStudioVersion = 10.0.40219.1
Project("{FAE04EC0-301F-11D3-BF4B-00C04F79EFBC}") = "Coding.Exercise", "Coding.Exercise\Coding.Exercise.csproj", "{DB1CC152-A2A5-4777-AE8F-50BB016309D3}"
EndProject
Global
	GlobalSection(SolutionConfigurationPlatforms) = preSolution
		Debug|Any CPU = Debug|Any CPU
		Release|Any CPU = Release|Any CPU
	EndGlobalSection
	GlobalSection(ProjectConfigurationPlatforms) = postSolution
		{DB1CC152-A2A5-4777-AE8F-50BB016309D3}.Debug|Any CPU.ActiveCfg = Debug|Any CPU
		{DB1CC152-A2A5-4777-AE8F-50BB016309D3}.Debug|Any CPU.Build.0 = Debug|Any CPU
		{DB1CC152-A2A5-4777-AE8F-50BB016309D3}.Release|Any CPU.ActiveCfg = Release|Any CPU
		{DB1CC152-A2A5-4777-AE8F-50BB016309D3}.Release|Any CPU.Build.0 = Release|Any CPU
	EndGlobalSection
	GlobalSection(SolutionProperties) = preSolution
		HideSolutionNode = FALSE
	EndGlobalSection
	GlobalSection(ExtensibilityGlobals) = postSolution
		SolutionGuid = {45747F4E-2EE8-4465-AAE0-88E27EDC0990}
	EndGlobalSection
EndGlobal
