
Microsoft Visual Studio Solution File, Format Version 12.00
# Visual Studio 15
VisualStudioVersion = 15.0.28010.2046
MinimumVisualStudioVersion = 10.0.40219.1
Project("{FAE04EC0-301F-11D3-BF4B-00C04F79EFBC}") = "Coding.Exercise", "Coding.Exercise\Coding.Exercise.csproj", "{22CBF664-A86D-4498-8AA3-FF3D04877F77}"
EndProject
Project("{FAE04EC0-301F-11D3-BF4B-00C04F79EFBC}") = "TestStateMachine", "TestStateMachine\TestStateMachine.csproj", "{FE0A26E6-078A-4B8C-88E8-9A4B1AA3ACCC}"
EndProject
Global
	GlobalSection(SolutionConfigurationPlatforms) = preSolution
		Debug|Any CPU = Debug|Any CPU
		Release|Any CPU = Release|Any CPU
	EndGlobalSection
	GlobalSection(ProjectConfigurationPlatforms) = postSolution
		{22CBF664-A86D-4498-8AA3-FF3D04877F77}.Debug|Any CPU.ActiveCfg = Debug|Any CPU
		{22CBF664-A86D-4498-8AA3-FF3D04877F77}.Debug|Any CPU.Build.0 = Debug|Any CPU
		{22CBF664-A86D-4498-8AA3-FF3D04877F77}.Release|Any CPU.ActiveCfg = Release|Any CPU
		{22CBF664-A86D-4498-8AA3-FF3D04877F77}.Release|Any CPU.Build.0 = Release|Any CPU
		{FE0A26E6-078A-4B8C-88E8-9A4B1AA3ACCC}.Debug|Any CPU.ActiveCfg = Debug|Any CPU
		{FE0A26E6-078A-4B8C-88E8-9A4B1AA3ACCC}.Debug|Any CPU.Build.0 = Debug|Any CPU
		{FE0A26E6-078A-4B8C-88E8-9A4B1AA3ACCC}.Release|Any CPU.ActiveCfg = Release|Any CPU
		{FE0A26E6-078A-4B8C-88E8-9A4B1AA3ACCC}.Release|Any CPU.Build.0 = Release|Any CPU
	EndGlobalSection
	GlobalSection(SolutionProperties) = preSolution
		HideSolutionNode = FALSE
	EndGlobalSection
	GlobalSection(ExtensibilityGlobals) = postSolution
		SolutionGuid = {C0FB3309-61D9-4AC4-981C-AEFC2A7966B6}
	EndGlobalSection
EndGlobal
