
Microsoft Visual Studio Solution File, Format Version 12.00
# Visual Studio 15
VisualStudioVersion = 15.0.28010.2036
MinimumVisualStudioVersion = 10.0.40219.1
Project("{FAE04EC0-301F-11D3-BF4B-00C04F79EFBC}") = "BrokerChain", "BrokerChain\BrokerChain.csproj", "{2E4397D4-0AB4-4EB6-98CF-FF4E2FDD234A}"
EndProject
Global
	GlobalSection(SolutionConfigurationPlatforms) = preSolution
		Debug|Any CPU = Debug|Any CPU
		Release|Any CPU = Release|Any CPU
	EndGlobalSection
	GlobalSection(ProjectConfigurationPlatforms) = postSolution
		{2E4397D4-0AB4-4EB6-98CF-FF4E2FDD234A}.Debug|Any CPU.ActiveCfg = Debug|Any CPU
		{2E4397D4-0AB4-4EB6-98CF-FF4E2FDD234A}.Debug|Any CPU.Build.0 = Debug|Any CPU
		{2E4397D4-0AB4-4EB6-98CF-FF4E2FDD234A}.Release|Any CPU.ActiveCfg = Release|Any CPU
		{2E4397D4-0AB4-4EB6-98CF-FF4E2FDD234A}.Release|Any CPU.Build.0 = Release|Any CPU
	EndGlobalSection
	GlobalSection(SolutionProperties) = preSolution
		HideSolutionNode = FALSE
	EndGlobalSection
	GlobalSection(ExtensibilityGlobals) = postSolution
		SolutionGuid = {C7FFD9F5-3093-4D76-B431-D1D86F5249E3}
	EndGlobalSection
EndGlobal
